
Microsoft Visual Studio Solution File, Format Version 12.00
# Visual Studio Version 16
VisualStudioVersion = 16.0.30503.244
MinimumVisualStudioVersion = 10.0.40219.1
Project("{FAE04EC0-301F-11D3-BF4B-00C04F79EFBC}") = "ByteBank.SistemaAgencia", "ByteBank.SistemaAgencia\ByteBank.SistemaAgencia.csproj", "{3D9A9360-49F9-4385-873B-20DA8003825A}"
EndProject
Project("{FAE04EC0-301F-11D3-BF4B-00C04F79EFBC}") = "ByteBank.Modelos", "ByteBank.Modelos\ByteBank.Modelos.csproj", "{430E7966-5EFC-49DD-985F-B4941C900878}"
EndProject
Global
	GlobalSection(SolutionConfigurationPlatforms) = preSolution
		Debug|Any CPU = Debug|Any CPU
		Release|Any CPU = Release|Any CPU
	EndGlobalSection
	GlobalSection(ProjectConfigurationPlatforms) = postSolution
		{3D9A9360-49F9-4385-873B-20DA8003825A}.Debug|Any CPU.ActiveCfg = Debug|Any CPU
		{3D9A9360-49F9-4385-873B-20DA8003825A}.Debug|Any CPU.Build.0 = Debug|Any CPU
		{3D9A9360-49F9-4385-873B-20DA8003825A}.Release|Any CPU.ActiveCfg = Release|Any CPU
		{3D9A9360-49F9-4385-873B-20DA8003825A}.Release|Any CPU.Build.0 = Release|Any CPU
		{430E7966-5EFC-49DD-985F-B4941C900878}.Debug|Any CPU.ActiveCfg = Debug|Any CPU
		{430E7966-5EFC-49DD-985F-B4941C900878}.Debug|Any CPU.Build.0 = Debug|Any CPU
		{430E7966-5EFC-49DD-985F-B4941C900878}.Release|Any CPU.ActiveCfg = Release|Any CPU
		{430E7966-5EFC-49DD-985F-B4941C900878}.Release|Any CPU.Build.0 = Release|Any CPU
	EndGlobalSection
	GlobalSection(SolutionProperties) = preSolution
		HideSolutionNode = FALSE
	EndGlobalSection
	GlobalSection(ExtensibilityGlobals) = postSolution
		SolutionGuid = {2D24B9D2-18AB-427E-9E24-3D09981157BB}
	EndGlobalSection
EndGlobal
